
Microsoft Visual Studio Solution File, Format Version 12.00
# Visual Studio Version 17
VisualStudioVersion = 17.7.34031.279
MinimumVisualStudioVersion = 10.0.40219.1
Project("{FAE04EC0-301F-11D3-BF4B-00C04F79EFBC}") = "CalculadoraLogica", "CalculadoraLogica.csproj", "{D7CE9F50-CDC6-4825-923A-7B589F6A54DC}"
EndProject
Global
	GlobalSection(SolutionConfigurationPlatforms) = preSolution
		Debug|Any CPU = Debug|Any CPU
		Release|Any CPU = Release|Any CPU
	EndGlobalSection
	GlobalSection(ProjectConfigurationPlatforms) = postSolution
		{D7CE9F50-CDC6-4825-923A-7B589F6A54DC}.Debug|Any CPU.ActiveCfg = Debug|Any CPU
		{D7CE9F50-CDC6-4825-923A-7B589F6A54DC}.Debug|Any CPU.Build.0 = Debug|Any CPU
		{D7CE9F50-CDC6-4825-923A-7B589F6A54DC}.Release|Any CPU.ActiveCfg = Release|Any CPU
		{D7CE9F50-CDC6-4825-923A-7B589F6A54DC}.Release|Any CPU.Build.0 = Release|Any CPU
	EndGlobalSection
	GlobalSection(SolutionProperties) = preSolution
		HideSolutionNode = FALSE
	EndGlobalSection
	GlobalSection(ExtensibilityGlobals) = postSolution
		SolutionGuid = {AFBE4527-94D4-4A55-9088-4662757505E8}
	EndGlobalSection
EndGlobal
